
Microsoft Visual Studio Solution File, Format Version 12.00
# Visual Studio 15
VisualStudioVersion = 15.0.27130.2036
MinimumVisualStudioVersion = 10.0.40219.1
Project("{FAE04EC0-301F-11D3-BF4B-00C04F79EFBC}") = "Oefening_5_13", "Oefening_5_13\Oefening_5_13.csproj", "{F444930A-485F-47E1-BC5F-35B1529E8FE2}"
EndProject
Global
	GlobalSection(SolutionConfigurationPlatforms) = preSolution
		Debug|Any CPU = Debug|Any CPU
		Release|Any CPU = Release|Any CPU
	EndGlobalSection
	GlobalSection(ProjectConfigurationPlatforms) = postSolution
		{F444930A-485F-47E1-BC5F-35B1529E8FE2}.Debug|Any CPU.ActiveCfg = Debug|Any CPU
		{F444930A-485F-47E1-BC5F-35B1529E8FE2}.Debug|Any CPU.Build.0 = Debug|Any CPU
		{F444930A-485F-47E1-BC5F-35B1529E8FE2}.Release|Any CPU.ActiveCfg = Release|Any CPU
		{F444930A-485F-47E1-BC5F-35B1529E8FE2}.Release|Any CPU.Build.0 = Release|Any CPU
	EndGlobalSection
	GlobalSection(SolutionProperties) = preSolution
		HideSolutionNode = FALSE
	EndGlobalSection
	GlobalSection(ExtensibilityGlobals) = postSolution
		SolutionGuid = {CAD300BE-89EF-42A7-B252-B9531E4DFAAB}
	EndGlobalSection
EndGlobal
