
Microsoft Visual Studio Solution File, Format Version 12.00
# Visual Studio 15
VisualStudioVersion = 15.0.27130.2036
MinimumVisualStudioVersion = 10.0.40219.1
Project("{FAE04EC0-301F-11D3-BF4B-00C04F79EFBC}") = "Oefening_8_10", "Oefening_8_10\Oefening_8_10.csproj", "{FE68894B-AF3E-46BE-9BB4-7DBE92623295}"
EndProject
Global
	GlobalSection(SolutionConfigurationPlatforms) = preSolution
		Debug|Any CPU = Debug|Any CPU
		Release|Any CPU = Release|Any CPU
	EndGlobalSection
	GlobalSection(ProjectConfigurationPlatforms) = postSolution
		{FE68894B-AF3E-46BE-9BB4-7DBE92623295}.Debug|Any CPU.ActiveCfg = Debug|Any CPU
		{FE68894B-AF3E-46BE-9BB4-7DBE92623295}.Debug|Any CPU.Build.0 = Debug|Any CPU
		{FE68894B-AF3E-46BE-9BB4-7DBE92623295}.Release|Any CPU.ActiveCfg = Release|Any CPU
		{FE68894B-AF3E-46BE-9BB4-7DBE92623295}.Release|Any CPU.Build.0 = Release|Any CPU
	EndGlobalSection
	GlobalSection(SolutionProperties) = preSolution
		HideSolutionNode = FALSE
	EndGlobalSection
	GlobalSection(ExtensibilityGlobals) = postSolution
		SolutionGuid = {232BA5C1-5B8C-4AFA-8703-59B81B8BA561}
	EndGlobalSection
EndGlobal
