
Microsoft Visual Studio Solution File, Format Version 12.00
# Visual Studio 15
VisualStudioVersion = 15.0.27130.2027
MinimumVisualStudioVersion = 10.0.40219.1
Project("{FAE04EC0-301F-11D3-BF4B-00C04F79EFBC}") = "Oef3_3", "Oef3_3\Oef3_3.csproj", "{024E58F5-C022-44DA-A659-BB5517B62414}"
EndProject
Global
	GlobalSection(SolutionConfigurationPlatforms) = preSolution
		Debug|Any CPU = Debug|Any CPU
		Release|Any CPU = Release|Any CPU
	EndGlobalSection
	GlobalSection(ProjectConfigurationPlatforms) = postSolution
		{024E58F5-C022-44DA-A659-BB5517B62414}.Debug|Any CPU.ActiveCfg = Debug|Any CPU
		{024E58F5-C022-44DA-A659-BB5517B62414}.Debug|Any CPU.Build.0 = Debug|Any CPU
		{024E58F5-C022-44DA-A659-BB5517B62414}.Release|Any CPU.ActiveCfg = Release|Any CPU
		{024E58F5-C022-44DA-A659-BB5517B62414}.Release|Any CPU.Build.0 = Release|Any CPU
	EndGlobalSection
	GlobalSection(SolutionProperties) = preSolution
		HideSolutionNode = FALSE
	EndGlobalSection
	GlobalSection(ExtensibilityGlobals) = postSolution
		SolutionGuid = {0EADF208-1EEE-476A-8534-9B9D7790AA4F}
	EndGlobalSection
EndGlobal
