
Microsoft Visual Studio Solution File, Format Version 12.00
# Visual Studio 15
VisualStudioVersion = 15.0.27130.2036
MinimumVisualStudioVersion = 10.0.40219.1
Project("{FAE04EC0-301F-11D3-BF4B-00C04F79EFBC}") = "Oefening_18_5", "Oefening_18_5\Oefening_18_5.csproj", "{43900C0B-441E-429D-94A9-1A0229C23B5C}"
EndProject
Global
	GlobalSection(SolutionConfigurationPlatforms) = preSolution
		Debug|Any CPU = Debug|Any CPU
		Release|Any CPU = Release|Any CPU
	EndGlobalSection
	GlobalSection(ProjectConfigurationPlatforms) = postSolution
		{43900C0B-441E-429D-94A9-1A0229C23B5C}.Debug|Any CPU.ActiveCfg = Debug|Any CPU
		{43900C0B-441E-429D-94A9-1A0229C23B5C}.Debug|Any CPU.Build.0 = Debug|Any CPU
		{43900C0B-441E-429D-94A9-1A0229C23B5C}.Release|Any CPU.ActiveCfg = Release|Any CPU
		{43900C0B-441E-429D-94A9-1A0229C23B5C}.Release|Any CPU.Build.0 = Release|Any CPU
	EndGlobalSection
	GlobalSection(SolutionProperties) = preSolution
		HideSolutionNode = FALSE
	EndGlobalSection
	GlobalSection(ExtensibilityGlobals) = postSolution
		SolutionGuid = {83DF531A-CC5A-4DD3-A0A3-976238016B27}
	EndGlobalSection
EndGlobal
