
Microsoft Visual Studio Solution File, Format Version 12.00
# Visual Studio 15
VisualStudioVersion = 15.0.27130.2036
MinimumVisualStudioVersion = 10.0.40219.1
Project("{FAE04EC0-301F-11D3-BF4B-00C04F79EFBC}") = "Oefening_5_9", "Oefening_5_9\Oefening_5_9.csproj", "{8EAD4891-3259-47DC-9B64-E9E79219EEC7}"
EndProject
Global
	GlobalSection(SolutionConfigurationPlatforms) = preSolution
		Debug|Any CPU = Debug|Any CPU
		Release|Any CPU = Release|Any CPU
	EndGlobalSection
	GlobalSection(ProjectConfigurationPlatforms) = postSolution
		{8EAD4891-3259-47DC-9B64-E9E79219EEC7}.Debug|Any CPU.ActiveCfg = Debug|Any CPU
		{8EAD4891-3259-47DC-9B64-E9E79219EEC7}.Debug|Any CPU.Build.0 = Debug|Any CPU
		{8EAD4891-3259-47DC-9B64-E9E79219EEC7}.Release|Any CPU.ActiveCfg = Release|Any CPU
		{8EAD4891-3259-47DC-9B64-E9E79219EEC7}.Release|Any CPU.Build.0 = Release|Any CPU
	EndGlobalSection
	GlobalSection(SolutionProperties) = preSolution
		HideSolutionNode = FALSE
	EndGlobalSection
	GlobalSection(ExtensibilityGlobals) = postSolution
		SolutionGuid = {4725BAE7-91D0-4A28-B3A4-4C2B2D7E9B2C}
	EndGlobalSection
EndGlobal
