
Microsoft Visual Studio Solution File, Format Version 12.00
# Visual Studio 15
VisualStudioVersion = 15.0.27130.2036
MinimumVisualStudioVersion = 10.0.40219.1
Project("{FAE04EC0-301F-11D3-BF4B-00C04F79EFBC}") = "Oefening_13_5", "Oefening_13_5\Oefening_13_5.csproj", "{6DE8E3A8-CD02-43C0-B732-EA408A2D3508}"
EndProject
Global
	GlobalSection(SolutionConfigurationPlatforms) = preSolution
		Debug|Any CPU = Debug|Any CPU
		Release|Any CPU = Release|Any CPU
	EndGlobalSection
	GlobalSection(ProjectConfigurationPlatforms) = postSolution
		{6DE8E3A8-CD02-43C0-B732-EA408A2D3508}.Debug|Any CPU.ActiveCfg = Debug|Any CPU
		{6DE8E3A8-CD02-43C0-B732-EA408A2D3508}.Debug|Any CPU.Build.0 = Debug|Any CPU
		{6DE8E3A8-CD02-43C0-B732-EA408A2D3508}.Release|Any CPU.ActiveCfg = Release|Any CPU
		{6DE8E3A8-CD02-43C0-B732-EA408A2D3508}.Release|Any CPU.Build.0 = Release|Any CPU
	EndGlobalSection
	GlobalSection(SolutionProperties) = preSolution
		HideSolutionNode = FALSE
	EndGlobalSection
	GlobalSection(ExtensibilityGlobals) = postSolution
		SolutionGuid = {30F06E25-A7CA-4F88-940C-6EA8A92D7BE7}
	EndGlobalSection
EndGlobal
