
Microsoft Visual Studio Solution File, Format Version 12.00
# Visual Studio 15
VisualStudioVersion = 15.0.27130.2027
MinimumVisualStudioVersion = 10.0.40219.1
Project("{FAE04EC0-301F-11D3-BF4B-00C04F79EFBC}") = "Oefening_4_2", "Oefening_4_2\Oefening_4_2.csproj", "{C2582CEE-7189-4C9D-AB38-E2189E49E22D}"
EndProject
Global
	GlobalSection(SolutionConfigurationPlatforms) = preSolution
		Debug|Any CPU = Debug|Any CPU
		Release|Any CPU = Release|Any CPU
	EndGlobalSection
	GlobalSection(ProjectConfigurationPlatforms) = postSolution
		{C2582CEE-7189-4C9D-AB38-E2189E49E22D}.Debug|Any CPU.ActiveCfg = Debug|Any CPU
		{C2582CEE-7189-4C9D-AB38-E2189E49E22D}.Debug|Any CPU.Build.0 = Debug|Any CPU
		{C2582CEE-7189-4C9D-AB38-E2189E49E22D}.Release|Any CPU.ActiveCfg = Release|Any CPU
		{C2582CEE-7189-4C9D-AB38-E2189E49E22D}.Release|Any CPU.Build.0 = Release|Any CPU
	EndGlobalSection
	GlobalSection(SolutionProperties) = preSolution
		HideSolutionNode = FALSE
	EndGlobalSection
	GlobalSection(ExtensibilityGlobals) = postSolution
		SolutionGuid = {653EF4C8-E0B0-4426-BB85-12A586F22087}
	EndGlobalSection
EndGlobal
