
Microsoft Visual Studio Solution File, Format Version 12.00
# Visual Studio 15
VisualStudioVersion = 15.0.27130.2036
MinimumVisualStudioVersion = 10.0.40219.1
Project("{FAE04EC0-301F-11D3-BF4B-00C04F79EFBC}") = "Oefening_18_9", "Oefening_18_9\Oefening_18_9.csproj", "{9E5CB4DB-BE17-4B90-BE6B-E48FF90B35F3}"
EndProject
Global
	GlobalSection(SolutionConfigurationPlatforms) = preSolution
		Debug|Any CPU = Debug|Any CPU
		Release|Any CPU = Release|Any CPU
	EndGlobalSection
	GlobalSection(ProjectConfigurationPlatforms) = postSolution
		{9E5CB4DB-BE17-4B90-BE6B-E48FF90B35F3}.Debug|Any CPU.ActiveCfg = Debug|Any CPU
		{9E5CB4DB-BE17-4B90-BE6B-E48FF90B35F3}.Debug|Any CPU.Build.0 = Debug|Any CPU
		{9E5CB4DB-BE17-4B90-BE6B-E48FF90B35F3}.Release|Any CPU.ActiveCfg = Release|Any CPU
		{9E5CB4DB-BE17-4B90-BE6B-E48FF90B35F3}.Release|Any CPU.Build.0 = Release|Any CPU
	EndGlobalSection
	GlobalSection(SolutionProperties) = preSolution
		HideSolutionNode = FALSE
	EndGlobalSection
	GlobalSection(ExtensibilityGlobals) = postSolution
		SolutionGuid = {36A8E817-C6D2-4336-A5FA-8FCC4F97C74D}
	EndGlobalSection
EndGlobal
