
Microsoft Visual Studio Solution File, Format Version 12.00
# Visual Studio 15
VisualStudioVersion = 15.0.27130.2027
MinimumVisualStudioVersion = 10.0.40219.1
Project("{FAE04EC0-301F-11D3-BF4B-00C04F79EFBC}") = "Oef3_5", "Oef3_5\Oef3_5.csproj", "{756BB69E-8A5C-4AA9-9758-FE6217C346C9}"
EndProject
Global
	GlobalSection(SolutionConfigurationPlatforms) = preSolution
		Debug|Any CPU = Debug|Any CPU
		Release|Any CPU = Release|Any CPU
	EndGlobalSection
	GlobalSection(ProjectConfigurationPlatforms) = postSolution
		{756BB69E-8A5C-4AA9-9758-FE6217C346C9}.Debug|Any CPU.ActiveCfg = Debug|Any CPU
		{756BB69E-8A5C-4AA9-9758-FE6217C346C9}.Debug|Any CPU.Build.0 = Debug|Any CPU
		{756BB69E-8A5C-4AA9-9758-FE6217C346C9}.Release|Any CPU.ActiveCfg = Release|Any CPU
		{756BB69E-8A5C-4AA9-9758-FE6217C346C9}.Release|Any CPU.Build.0 = Release|Any CPU
	EndGlobalSection
	GlobalSection(SolutionProperties) = preSolution
		HideSolutionNode = FALSE
	EndGlobalSection
	GlobalSection(ExtensibilityGlobals) = postSolution
		SolutionGuid = {66AFE6D7-C7C2-4B25-A7FF-C8282798159C}
	EndGlobalSection
EndGlobal
