
Microsoft Visual Studio Solution File, Format Version 12.00
# Visual Studio 15
VisualStudioVersion = 15.0.27130.2036
MinimumVisualStudioVersion = 10.0.40219.1
Project("{FAE04EC0-301F-11D3-BF4B-00C04F79EFBC}") = "Oefening_10_4", "Oefening_10_4\Oefening_10_4.csproj", "{9C16920E-CFC0-4E07-A65D-D70AAB4BAA40}"
EndProject
Global
	GlobalSection(SolutionConfigurationPlatforms) = preSolution
		Debug|Any CPU = Debug|Any CPU
		Release|Any CPU = Release|Any CPU
	EndGlobalSection
	GlobalSection(ProjectConfigurationPlatforms) = postSolution
		{9C16920E-CFC0-4E07-A65D-D70AAB4BAA40}.Debug|Any CPU.ActiveCfg = Debug|Any CPU
		{9C16920E-CFC0-4E07-A65D-D70AAB4BAA40}.Debug|Any CPU.Build.0 = Debug|Any CPU
		{9C16920E-CFC0-4E07-A65D-D70AAB4BAA40}.Release|Any CPU.ActiveCfg = Release|Any CPU
		{9C16920E-CFC0-4E07-A65D-D70AAB4BAA40}.Release|Any CPU.Build.0 = Release|Any CPU
	EndGlobalSection
	GlobalSection(SolutionProperties) = preSolution
		HideSolutionNode = FALSE
	EndGlobalSection
	GlobalSection(ExtensibilityGlobals) = postSolution
		SolutionGuid = {4B4ED893-E22A-4241-A9F6-2C77761340B8}
	EndGlobalSection
EndGlobal
